// !$*UTF8*$!
{
	archiveVersion = 1;
	classes = {
	};
	objectVersion = 46;
	objects = {

/* Begin PBXBuildFile section */
		9228F3971DCBFCAD001D7318 /* AddItemViewController.swift in Sources */ = {isa = PBXBuildFile; fileRef = 9228F3961DCBFCAD001D7318 /* AddItemViewController.swift */; };
		9230E0BC1DCB6C8800C51199 /* AppDelegate.swift in Sources */ = {isa = PBXBuildFile; fileRef = 9230E0BB1DCB6C8800C51199 /* AppDelegate.swift */; };
		9230E0BE1DCB6C8800C51199 /* ViewController.swift in Sources */ = {isa = PBXBuildFile; fileRef = 9230E0BD1DCB6C8800C51199 /* ViewController.swift */; };
		9230E0C11DCB6C8800C51199 /* Main.storyboard in Resources */ = {isa = PBXBuildFile; fileRef = 9230E0BF1DCB6C8800C51199 /* Main.storyboard */; };
		9230E0C41DCB6C8800C51199 /* KatsKloset.xcdatamodeld in Sources */ = {isa = PBXBuildFile; fileRef = 9230E0C21DCB6C8800C51199 /* KatsKloset.xcdatamodeld */; };
		9230E0C61DCB6C8800C51199 /* Assets.xcassets in Resources */ = {isa = PBXBuildFile; fileRef = 9230E0C51DCB6C8800C51199 /* Assets.xcassets */; };
		9230E0C91DCB6C8800C51199 /* LaunchScreen.storyboard in Resources */ = {isa = PBXBuildFile; fileRef = 9230E0C71DCB6C8800C51199 /* LaunchScreen.storyboard */; };
		9230E0D41DCB6C8800C51199 /* KatsKlosetTests.swift in Sources */ = {isa = PBXBuildFile; fileRef = 9230E0D31DCB6C8800C51199 /* KatsKlosetTests.swift */; };
		9230E0DF1DCB6C8800C51199 /* KatsKlosetUITests.swift in Sources */ = {isa = PBXBuildFile; fileRef = 9230E0DE1DCB6C8800C51199 /* KatsKlosetUITests.swift */; };
		9236D6751DCE460E000622D6 /* TableViewCell1.swift in Sources */ = {isa = PBXBuildFile; fileRef = 9236D6731DCE460E000622D6 /* TableViewCell1.swift */; };
		9236D6761DCE460E000622D6 /* TableViewCell1.xib in Resources */ = {isa = PBXBuildFile; fileRef = 9236D6741DCE460E000622D6 /* TableViewCell1.xib */; };
		92A24EF21DD0D92200494FC7 /* EditViewController.swift in Sources */ = {isa = PBXBuildFile; fileRef = 92A24EF11DD0D92200494FC7 /* EditViewController.swift */; };
/* End PBXBuildFile section */

/* Begin PBXContainerItemProxy section */
		9230E0D01DCB6C8800C51199 /* PBXContainerItemProxy */ = {
			isa = PBXContainerItemProxy;
			containerPortal = 9230E0B01DCB6C8700C51199 /* Project object */;
			proxyType = 1;
			remoteGlobalIDString = 9230E0B71DCB6C8700C51199;
			remoteInfo = KatsKloset;
		};
		9230E0DB1DCB6C8800C51199 /* PBXContainerItemProxy */ = {
			isa = PBXContainerItemProxy;
			containerPortal = 9230E0B01DCB6C8700C51199 /* Project object */;
			proxyType = 1;
			remoteGlobalIDString = 9230E0B71DCB6C8700C51199;
			remoteInfo = KatsKloset;
		};
/* End PBXContainerItemProxy section */

/* Begin PBXFileReference section */
		9228F3961DCBFCAD001D7318 /* AddItemViewController.swift */ = {isa = PBXFileReference; fileEncoding = 4; lastKnownFileType = sourcecode.swift; path = AddItemViewController.swift; sourceTree = "<group>"; };
		9230E0B81DCB6C8800C51199 /* KatsKloset.app */ = {isa = PBXFileReference; explicitFileType = wrapper.application; includeInIndex = 0; path = KatsKloset.app; sourceTree = BUILT_PRODUCTS_DIR; };
		9230E0BB1DCB6C8800C51199 /* AppDelegate.swift */ = {isa = PBXFileReference; lastKnownFileType = sourcecode.swift; path = AppDelegate.swift; sourceTree = "<group>"; };
		9230E0BD1DCB6C8800C51199 /* ViewController.swift */ = {isa = PBXFileReference; lastKnownFileType = sourcecode.swift; path = ViewController.swift; sourceTree = "<group>"; };
		9230E0C01DCB6C8800C51199 /* Base */ = {isa = PBXFileReference; lastKnownFileType = file.storyboard; name = Base; path = Base.lproj/Main.storyboard; sourceTree = "<group>"; };
		9230E0C31DCB6C8800C51199 /* KatsKloset.xcdatamodel */ = {isa = PBXFileReference; lastKnownFileType = wrapper.xcdatamodel; path = KatsKloset.xcdatamodel; sourceTree = "<group>"; };
		9230E0C51DCB6C8800C51199 /* Assets.xcassets */ = {isa = PBXFileReference; lastKnownFileType = folder.assetcatalog; path = Assets.xcassets; sourceTree = "<group>"; };
		9230E0C81DCB6C8800C51199 /* Base */ = {isa = PBXFileReference; lastKnownFileType = file.storyboard; name = Base; path = Base.lproj/LaunchScreen.storyboard; sourceTree = "<group>"; };
		9230E0CA1DCB6C8800C51199 /* Info.plist */ = {isa = PBXFileReference; lastKnownFileType = text.plist.xml; path = Info.plist; sourceTree = "<group>"; };
		9230E0CF1DCB6C8800C51199 /* KatsKlosetTests.xctest */ = {isa = PBXFileReference; explicitFileType = wrapper.cfbundle; includeInIndex = 0; path = KatsKlosetTests.xctest; sourceTree = BUILT_PRODUCTS_DIR; };
		9230E0D31DCB6C8800C51199 /* KatsKlosetTests.swift */ = {isa = PBXFileReference; lastKnownFileType = sourcecode.swift; path = KatsKlosetTests.swift; sourceTree = "<group>"; };
		9230E0D51DCB6C8800C51199 /* Info.plist */ = {isa = PBXFileReference; lastKnownFileType = text.plist.xml; path = Info.plist; sourceTree = "<group>"; };
		9230E0DA1DCB6C8800C51199 /* KatsKlosetUITests.xctest */ = {isa = PBXFileReference; explicitFileType = wrapper.cfbundle; includeInIndex = 0; path = KatsKlosetUITests.xctest; sourceTree = BUILT_PRODUCTS_DIR; };
		9230E0DE1DCB6C8800C51199 /* KatsKlosetUITests.swift */ = {isa = PBXFileReference; lastKnownFileType = sourcecode.swift; path = KatsKlosetUITests.swift; sourceTree = "<group>"; };
		9230E0E01DCB6C8800C51199 /* Info.plist */ = {isa = PBXFileReference; lastKnownFileType = text.plist.xml; path = Info.plist; sourceTree = "<group>"; };
		9236D6731DCE460E000622D6 /* TableViewCell1.swift */ = {isa = PBXFileReference; fileEncoding = 4; lastKnownFileType = sourcecode.swift; path = TableViewCell1.swift; sourceTree = "<group>"; };
		9236D6741DCE460E000622D6 /* TableViewCell1.xib */ = {isa = PBXFileReference; fileEncoding = 4; lastKnownFileType = file.xib; path = TableViewCell1.xib; sourceTree = "<group>"; };
		92A24EF11DD0D92200494FC7 /* EditViewController.swift */ = {isa = PBXFileReference; fileEncoding = 4; lastKnownFileType = sourcecode.swift; path = EditViewController.swift; sourceTree = "<group>"; };
/* End PBXFileReference section */

/* Begin PBXFrameworksBuildPhase section */
		9230E0B51DCB6C8700C51199 /* Frameworks */ = {
			isa = PBXFrameworksBuildPhase;
			buildActionMask = 2147483647;
			files = (
			);
			runOnlyForDeploymentPostprocessing = 0;
		};
		9230E0CC1DCB6C8800C51199 /* Frameworks */ = {
			isa = PBXFrameworksBuildPhase;
			buildActionMask = 2147483647;
			files = (
			);
			runOnlyForDeploymentPostprocessing = 0;
		};
		9230E0D71DCB6C8800C51199 /* Frameworks */ = {
			isa = PBXFrameworksBuildPhase;
			buildActionMask = 2147483647;
			files = (
			);
			runOnlyForDeploymentPostprocessing = 0;
		};
/* End PBXFrameworksBuildPhase section */

/* Begin PBXGroup section */
		9230E0AF1DCB6C8700C51199 = {
			isa = PBXGroup;
			children = (
				9230E0BA1DCB6C8800C51199 /* KatsKloset */,
				9230E0D21DCB6C8800C51199 /* KatsKlosetTests */,
				9230E0DD1DCB6C8800C51199 /* KatsKlosetUITests */,
				9230E0B91DCB6C8800C51199 /* Products */,
			);
			sourceTree = "<group>";
		};
		9230E0B91DCB6C8800C51199 /* Products */ = {
			isa = PBXGroup;
			children = (
				9230E0B81DCB6C8800C51199 /* KatsKloset.app */,
				9230E0CF1DCB6C8800C51199 /* KatsKlosetTests.xctest */,
				9230E0DA1DCB6C8800C51199 /* KatsKlosetUITests.xctest */,
			);
			name = Products;
			sourceTree = "<group>";
		};
		9230E0BA1DCB6C8800C51199 /* KatsKloset */ = {
			isa = PBXGroup;
			children = (
				9230E0BB1DCB6C8800C51199 /* AppDelegate.swift */,
				9230E0BD1DCB6C8800C51199 /* ViewController.swift */,
				9228F3961DCBFCAD001D7318 /* AddItemViewController.swift */,
				92A24EF11DD0D92200494FC7 /* EditViewController.swift */,
				9230E0BF1DCB6C8800C51199 /* Main.storyboard */,
				9236D6731DCE460E000622D6 /* TableViewCell1.swift */,
				9236D6741DCE460E000622D6 /* TableViewCell1.xib */,
				9230E0C51DCB6C8800C51199 /* Assets.xcassets */,
				9230E0C71DCB6C8800C51199 /* LaunchScreen.storyboard */,
				9230E0CA1DCB6C8800C51199 /* Info.plist */,
				9230E0C21DCB6C8800C51199 /* KatsKloset.xcdatamodeld */,
			);
			path = KatsKloset;
			sourceTree = "<group>";
		};
		9230E0D21DCB6C8800C51199 /* KatsKlosetTests */ = {
			isa = PBXGroup;
			children = (
				9230E0D31DCB6C8800C51199 /* KatsKlosetTests.swift */,
				9230E0D51DCB6C8800C51199 /* Info.plist */,
			);
			path = KatsKlosetTests;
			sourceTree = "<group>";
		};
		9230E0DD1DCB6C8800C51199 /* KatsKlosetUITests */ = {
			isa = PBXGroup;
			children = (
				9230E0DE1DCB6C8800C51199 /* KatsKlosetUITests.swift */,
				9230E0E01DCB6C8800C51199 /* Info.plist */,
			);
			path = KatsKlosetUITests;
			sourceTree = "<group>";
		};
/* End PBXGroup section */

/* Begin PBXNativeTarget section */
		9230E0B71DCB6C8700C51199 /* KatsKloset */ = {
			isa = PBXNativeTarget;
			buildConfigurationList = 9230E0E31DCB6C8800C51199 /* Build configuration list for PBXNativeTarget "KatsKloset" */;
			buildPhases = (
				9230E0B41DCB6C8700C51199 /* Sources */,
				9230E0B51DCB6C8700C51199 /* Frameworks */,
				9230E0B61DCB6C8700C51199 /* Resources */,
			);
			buildRules = (
			);
			dependencies = (
			);
			name = KatsKloset;
			productName = KatsKloset;
			productReference = 9230E0B81DCB6C8800C51199 /* KatsKloset.app */;
			productType = "com.apple.product-type.application";
		};
		9230E0CE1DCB6C8800C51199 /* KatsKlosetTests */ = {
			isa = PBXNativeTarget;
			buildConfigurationList = 9230E0E61DCB6C8800C51199 /* Build configuration list for PBXNativeTarget "KatsKlosetTests" */;
			buildPhases = (
				9230E0CB1DCB6C8800C51199 /* Sources */,
				9230E0CC1DCB6C8800C51199 /* Frameworks */,
				9230E0CD1DCB6C8800C51199 /* Resources */,
			);
			buildRules = (
			);
			dependencies = (
				9230E0D11DCB6C8800C51199 /* PBXTargetDependency */,
			);
			name = KatsKlosetTests;
			productName = KatsKlosetTests;
			productReference = 9230E0CF1DCB6C8800C51199 /* KatsKlosetTests.xctest */;
			productType = "com.apple.product-type.bundle.unit-test";
		};
		9230E0D91DCB6C8800C51199 /* KatsKlosetUITests */ = {
			isa = PBXNativeTarget;
			buildConfigurationList = 9230E0E91DCB6C8800C51199 /* Build configuration list for PBXNativeTarget "KatsKlosetUITests" */;
			buildPhases = (
				9230E0D61DCB6C8800C51199 /* Sources */,
				9230E0D71DCB6C8800C51199 /* Frameworks */,
				9230E0D81DCB6C8800C51199 /* Resources */,
			);
			buildRules = (
			);
			dependencies = (
				9230E0DC1DCB6C8800C51199 /* PBXTargetDependency */,
			);
			name = KatsKlosetUITests;
			productName = KatsKlosetUITests;
			productReference = 9230E0DA1DCB6C8800C51199 /* KatsKlosetUITests.xctest */;
			productType = "com.apple.product-type.bundle.ui-testing";
		};
/* End PBXNativeTarget section */

/* Begin PBXProject section */
		9230E0B01DCB6C8700C51199 /* Project object */ = {
			isa = PBXProject;
			attributes = {
				LastSwiftUpdateCheck = 0810;
				LastUpgradeCheck = 0810;
				ORGANIZATIONNAME = "Luciano Oliveira";
				TargetAttributes = {
					9230E0B71DCB6C8700C51199 = {
						CreatedOnToolsVersion = 8.1;
						DevelopmentTeam = A8427XLL56;
						ProvisioningStyle = Automatic;
					};
					9230E0CE1DCB6C8800C51199 = {
						CreatedOnToolsVersion = 8.1;
						DevelopmentTeam = A8427XLL56;
						ProvisioningStyle = Automatic;
						TestTargetID = 9230E0B71DCB6C8700C51199;
					};
					9230E0D91DCB6C8800C51199 = {
						CreatedOnToolsVersion = 8.1;
						DevelopmentTeam = A8427XLL56;
						ProvisioningStyle = Automatic;
						TestTargetID = 9230E0B71DCB6C8700C51199;
					};
				};
			};
			buildConfigurationList = 9230E0B31DCB6C8700C51199 /* Build configuration list for PBXProject "KatsKloset" */;
			compatibilityVersion = "Xcode 3.2";
			developmentRegion = English;
			hasScannedForEncodings = 0;
			knownRegions = (
				en,
				Base,
			);
			mainGroup = 9230E0AF1DCB6C8700C51199;
			productRefGroup = 9230E0B91DCB6C8800C51199 /* Products */;
			projectDirPath = "";
			projectRoot = "";
			targets = (
				9230E0B71DCB6C8700C51199 /* KatsKloset */,
				9230E0CE1DCB6C8800C51199 /* KatsKlosetTests */,
				9230E0D91DCB6C8800C51199 /* KatsKlosetUITests */,
			);
		};
/* End PBXProject section */

/* Begin PBXResourcesBuildPhase section */
		9230E0B61DCB6C8700C51199 /* Resources */ = {
			isa = PBXResourcesBuildPhase;
			buildActionMask = 2147483647;
			files = (
				9230E0C91DCB6C8800C51199 /* LaunchScreen.storyboard in Resources */,
				9230E0C61DCB6C8800C51199 /* Assets.xcassets in Resources */,
				9230E0C11DCB6C8800C51199 /* Main.storyboard in Resources */,
				9236D6761DCE460E000622D6 /* TableViewCell1.xib in Resources */,
			);
			runOnlyForDeploymentPostprocessing = 0;
		};
		9230E0CD1DCB6C8800C51199 /* Resources */ = {
			isa = PBXResourcesBuildPhase;
			buildActionMask = 2147483647;
			files = (
			);
			runOnlyForDeploymentPostprocessing = 0;
		};
		9230E0D81DCB6C8800C51199 /* Resources */ = {
			isa = PBXResourcesBuildPhase;
			buildActionMask = 2147483647;
			files = (
			);
			runOnlyForDeploymentPostprocessing = 0;
		};
/* End PBXResourcesBuildPhase section */

/* Begin PBXSourcesBuildPhase section */
		9230E0B41DCB6C8700C51199 /* Sources */ = {
			isa = PBXSourcesBuildPhase;
			buildActionMask = 2147483647;
			files = (
				9236D6751DCE460E000622D6 /* TableViewCell1.swift in Sources */,
				9230E0C41DCB6C8800C51199 /* KatsKloset.xcdatamodeld in Sources */,
				92A24EF21DD0D92200494FC7 /* EditViewController.swift in Sources */,
				9228F3971DCBFCAD001D7318 /* AddItemViewController.swift in Sources */,
				9230E0BE1DCB6C8800C51199 /* ViewController.swift in Sources */,
				9230E0BC1DCB6C8800C51199 /* AppDelegate.swift in Sources */,
			);
			runOnlyForDeploymentPostprocessing = 0;
		};
		9230E0CB1DCB6C8800C51199 /* Sources */ = {
			isa = PBXSourcesBuildPhase;
			buildActionMask = 2147483647;
			files = (
				9230E0D41DCB6C8800C51199 /* KatsKlosetTests.swift in Sources */,
			);
			runOnlyForDeploymentPostprocessing = 0;
		};
		9230E0D61DCB6C8800C51199 /* Sources */ = {
			isa = PBXSourcesBuildPhase;
			buildActionMask = 2147483647;
			files = (
				9230E0DF1DCB6C8800C51199 /* KatsKlosetUITests.swift in Sources */,
			);
			runOnlyForDeploymentPostprocessing = 0;
		};
/* End PBXSourcesBuildPhase section */

/* Begin PBXTargetDependency section */
		9230E0D11DCB6C8800C51199 /* PBXTargetDependency */ = {
			isa = PBXTargetDependency;
			target = 9230E0B71DCB6C8700C51199 /* KatsKloset */;
			targetProxy = 9230E0D01DCB6C8800C51199 /* PBXContainerItemProxy */;
		};
		9230E0DC1DCB6C8800C51199 /* PBXTargetDependency */ = {
			isa = PBXTargetDependency;
			target = 9230E0B71DCB6C8700C51199 /* KatsKloset */;
			targetProxy = 9230E0DB1DCB6C8800C51199 /* PBXContainerItemProxy */;
		};
/* End PBXTargetDependency section */

/* Begin PBXVariantGroup section */
		9230E0BF1DCB6C8800C51199 /* Main.storyboard */ = {
			isa = PBXVariantGroup;
			children = (
				9230E0C01DCB6C8800C51199 /* Base */,
			);
			name = Main.storyboard;
			sourceTree = "<group>";
		};
		9230E0C71DCB6C8800C51199 /* LaunchScreen.storyboard */ = {
			isa = PBXVariantGroup;
			children = (
				9230E0C81DCB6C8800C51199 /* Base */,
			);
			name = LaunchScreen.storyboard;
			sourceTree = "<group>";
		};
/* End PBXVariantGroup section */

/* Begin XCBuildConfiguration section */
		9230E0E11DCB6C8800C51199 /* Debug */ = {
			isa = XCBuildConfiguration;
			buildSettings = {
				ALWAYS_SEARCH_USER_PATHS = NO;
				CLANG_ANALYZER_NONNULL = YES;
				CLANG_CXX_LANGUAGE_STANDARD = "gnu++0x";
				CLANG_CXX_LIBRARY = "libc++";
				CLANG_ENABLE_MODULES = YES;
				CLANG_ENABLE_OBJC_ARC = YES;
				CLANG_WARN_BOOL_CONVERSION = YES;
				CLANG_WARN_CONSTANT_CONVERSION = YES;
				CLANG_WARN_DIRECT_OBJC_ISA_USAGE = YES_ERROR;
				CLANG_WARN_DOCUMENTATION_COMMENTS = YES;
				CLANG_WARN_EMPTY_BODY = YES;
				CLANG_WARN_ENUM_CONVERSION = YES;
				CLANG_WARN_INFINITE_RECURSION = YES;
				CLANG_WARN_INT_CONVERSION = YES;
				CLANG_WARN_OBJC_ROOT_CLASS = YES_ERROR;
				CLANG_WARN_SUSPICIOUS_MOVES = YES;
				CLANG_WARN_UNREACHABLE_CODE = YES;
				CLANG_WARN__DUPLICATE_METHOD_MATCH = YES;
				"CODE_SIGN_IDENTITY[sdk=iphoneos*]" = "iPhone Developer";
				COPY_PHASE_STRIP = NO;
				DEBUG_INFORMATION_FORMAT = dwarf;
				ENABLE_STRICT_OBJC_MSGSEND = YES;
				ENABLE_TESTABILITY = YES;
				GCC_C_LANGUAGE_STANDARD = gnu99;
				GCC_DYNAMIC_NO_PIC = NO;
				GCC_NO_COMMON_BLOCKS = YES;
				GCC_OPTIMIZATION_LEVEL = 0;
				GCC_PREPROCESSOR_DEFINITIONS = (
					"DEBUG=1",
					"$(inherited)",
				);
				GCC_WARN_64_TO_32_BIT_CONVERSION = YES;
				GCC_WARN_ABOUT_RETURN_TYPE = YES_ERROR;
				GCC_WARN_UNDECLARED_SELECTOR = YES;
				GCC_WARN_UNINITIALIZED_AUTOS = YES_AGGRESSIVE;
				GCC_WARN_UNUSED_FUNCTION = YES;
				GCC_WARN_UNUSED_VARIABLE = YES;
				IPHONEOS_DEPLOYMENT_TARGET = 10.1;
				MTL_ENABLE_DEBUG_INFO = YES;
				ONLY_ACTIVE_ARCH = YES;
				SDKROOT = iphoneos;
				SWIFT_ACTIVE_COMPILATION_CONDITIONS = DEBUG;
				SWIFT_OPTIMIZATION_LEVEL = "-Onone";
			};
			name = Debug;
		};
		9230E0E21DCB6C8800C51199 /* Release */ = {
			isa = XCBuildConfiguration;
			buildSettings = {
				ALWAYS_SEARCH_USER_PATHS = NO;
				CLANG_ANALYZER_NONNULL = YES;
				CLANG_CXX_LANGUAGE_STANDARD = "gnu++0x";
				CLANG_CXX_LIBRARY = "libc++";
				CLANG_ENABLE_MODULES = YES;
				CLANG_ENABLE_OBJC_ARC = YES;
				CLANG_WARN_BOOL_CONVERSION = YES;
				CLANG_WARN_CONSTANT_CONVERSION = YES;
				CLANG_WARN_DIRECT_OBJC_ISA_USAGE = YES_ERROR;
				CLANG_WARN_DOCUMENTATION_COMMENTS = YES;
				CLANG_WARN_EMPTY_BODY = YES;
				CLANG_WARN_ENUM_CONVERSION = YES;
				CLANG_WARN_INFINITE_RECURSION = YES;
				CLANG_WARN_INT_CONVERSION = YES;
				CLANG_WARN_OBJC_ROOT_CLASS = YES_ERROR;
				CLANG_WARN_SUSPICIOUS_MOVES = YES;
				CLANG_WARN_UNREACHABLE_CODE = YES;
				CLANG_WARN__DUPLICATE_METHOD_MATCH = YES;
				"CODE_SIGN_IDENTITY[sdk=iphoneos*]" = "iPhone Developer";
				COPY_PHASE_STRIP = NO;
				DEBUG_INFORMATION_FORMAT = "dwarf-with-dsym";
				ENABLE_NS_ASSERTIONS = NO;
				ENABLE_STRICT_OBJC_MSGSEND = YES;
				GCC_C_LANGUAGE_STANDARD = gnu99;
				GCC_NO_COMMON_BLOCKS = YES;
				GCC_WARN_64_TO_32_BIT_CONVERSION = YES;
				GCC_WARN_ABOUT_RETURN_TYPE = YES_ERROR;
				GCC_WARN_UNDECLARED_SELECTOR = YES;
				GCC_WARN_UNINITIALIZED_AUTOS = YES_AGGRESSIVE;
				GCC_WARN_UNUSED_FUNCTION = YES;
				GCC_WARN_UNUSED_VARIABLE = YES;
				IPHONEOS_DEPLOYMENT_TARGET = 10.1;
				MTL_ENABLE_DEBUG_INFO = NO;
				SDKROOT = iphoneos;
				SWIFT_OPTIMIZATION_LEVEL = "-Owholemodule";
				VALIDATE_PRODUCT = YES;
			};
			name = Release;
		};
		9230E0E41DCB6C8800C51199 /* Debug */ = {
			isa = XCBuildConfiguration;
			buildSettings = {
				ASSETCATALOG_COMPILER_APPICON_NAME = AppIcon;
				DEVELOPMENT_TEAM = A8427XLL56;
				INFOPLIST_FILE = KatsKloset/Info.plist;
				LD_RUNPATH_SEARCH_PATHS = "$(inherited) @executable_path/Frameworks";
				PRODUCT_BUNDLE_IDENTIFIER = lucoli.KatsKloset;
				PRODUCT_NAME = "$(TARGET_NAME)";
				SWIFT_VERSION = 3.0;
			};
			name = Debug;
		};
		9230E0E51DCB6C8800C51199 /* Release */ = {
			isa = XCBuildConfiguration;
			buildSettings = {
				ASSETCATALOG_COMPILER_APPICON_NAME = AppIcon;
				DEVELOPMENT_TEAM = A8427XLL56;
				INFOPLIST_FILE = KatsKloset/Info.plist;
				LD_RUNPATH_SEARCH_PATHS = "$(inherited) @executable_path/Frameworks";
				PRODUCT_BUNDLE_IDENTIFIER = lucoli.KatsKloset;
				PRODUCT_NAME = "$(TARGET_NAME)";
				SWIFT_VERSION = 3.0;
			};
			name = Release;
		};
		9230E0E71DCB6C8800C51199 /* Debug */ = {
			isa = XCBuildConfiguration;
			buildSettings = {
				ALWAYS_EMBED_SWIFT_STANDARD_LIBRARIES = YES;
				BUNDLE_LOADER = "$(TEST_HOST)";
				DEVELOPMENT_TEAM = A8427XLL56;
				INFOPLIST_FILE = KatsKlosetTests/Info.plist;
				LD_RUNPATH_SEARCH_PATHS = "$(inherited) @executable_path/Frameworks @loader_path/Frameworks";
				PRODUCT_BUNDLE_IDENTIFIER = lucoli.KatsKlosetTests;
				PRODUCT_NAME = "$(TARGET_NAME)";
				SWIFT_VERSION = 3.0;
				TEST_HOST = "$(BUILT_PRODUCTS_DIR)/KatsKloset.app/KatsKloset";
			};
			name = Debug;
		};
		9230E0E81DCB6C8800C51199 /* Release */ = {
			isa = XCBuildConfiguration;
			buildSettings = {
				ALWAYS_EMBED_SWIFT_STANDARD_LIBRARIES = YES;
				BUNDLE_LOADER = "$(TEST_HOST)";
				DEVELOPMENT_TEAM = A8427XLL56;
				INFOPLIST_FILE = KatsKlosetTests/Info.plist;
				LD_RUNPATH_SEARCH_PATHS = "$(inherited) @executable_path/Frameworks @loader_path/Frameworks";
				PRODUCT_BUNDLE_IDENTIFIER = lucoli.KatsKlosetTests;
				PRODUCT_NAME = "$(TARGET_NAME)";
				SWIFT_VERSION = 3.0;
				TEST_HOST = "$(BUILT_PRODUCTS_DIR)/KatsKloset.app/KatsKloset";
			};
			name = Release;
		};
		9230E0EA1DCB6C8800C51199 /* Debug */ = {
			isa = XCBuildConfiguration;
			buildSettings = {
				ALWAYS_EMBED_SWIFT_STANDARD_LIBRARIES = YES;
				DEVELOPMENT_TEAM = A8427XLL56;
				INFOPLIST_FILE = KatsKlosetUITests/Info.plist;
				LD_RUNPATH_SEARCH_PATHS = "$(inherited) @executable_path/Frameworks @loader_path/Frameworks";
				PRODUCT_BUNDLE_IDENTIFIER = lucoli.KatsKlosetUITests;
				PRODUCT_NAME = "$(TARGET_NAME)";
				SWIFT_VERSION = 3.0;
				TEST_TARGET_NAME = KatsKloset;
			};
			name = Debug;
		};
		9230E0EB1DCB6C8800C51199 /* Release */ = {
			isa = XCBuildConfiguration;
			buildSettings = {
				ALWAYS_EMBED_SWIFT_STANDARD_LIBRARIES = YES;
				DEVELOPMENT_TEAM = A8427XLL56;
				INFOPLIST_FILE = KatsKlosetUITests/Info.plist;
				LD_RUNPATH_SEARCH_PATHS = "$(inherited) @executable_path/Frameworks @loader_path/Frameworks";
				PRODUCT_BUNDLE_IDENTIFIER = lucoli.KatsKlosetUITests;
				PRODUCT_NAME = "$(TARGET_NAME)";
				SWIFT_VERSION = 3.0;
				TEST_TARGET_NAME = KatsKloset;
			};
			name = Release;
		};
/* End XCBuildConfiguration section */

/* Begin XCConfigurationList section */
		9230E0B31DCB6C8700C51199 /* Build configuration list for PBXProject "KatsKloset" */ = {
			isa = XCConfigurationList;
			buildConfigurations = (
				9230E0E11DCB6C8800C51199 /* Debug */,
				9230E0E21DCB6C8800C51199 /* Release */,
			);
			defaultConfigurationIsVisible = 0;
			defaultConfigurationName = Release;
		};
		9230E0E31DCB6C8800C51199 /* Build configuration list for PBXNativeTarget "KatsKloset" */ = {
			isa = XCConfigurationList;
			buildConfigurations = (
				9230E0E41DCB6C8800C51199 /* Debug */,
				9230E0E51DCB6C8800C51199 /* Release */,
			);
			defaultConfigurationIsVisible = 0;
			defaultConfigurationName = Release;
		};
		9230E0E61DCB6C8800C51199 /* Build configuration list for PBXNativeTarget "KatsKlosetTests" */ = {
			isa = XCConfigurationList;
			buildConfigurations = (
				9230E0E71DCB6C8800C51199 /* Debug */,
				9230E0E81DCB6C8800C51199 /* Release */,
			);
			defaultConfigurationIsVisible = 0;
			defaultConfigurationName = Release;
		};
		9230E0E91DCB6C8800C51199 /* Build configuration list for PBXNativeTarget "KatsKlosetUITests" */ = {
			isa = XCConfigurationList;
			buildConfigurations = (
				9230E0EA1DCB6C8800C51199 /* Debug */,
				9230E0EB1DCB6C8800C51199 /* Release */,
			);
			defaultConfigurationIsVisible = 0;
			defaultConfigurationName = Release;
		};
/* End XCConfigurationList section */

/* Begin XCVersionGroup section */
		9230E0C21DCB6C8800C51199 /* KatsKloset.xcdatamodeld */ = {
			isa = XCVersionGroup;
			children = (
				9230E0C31DCB6C8800C51199 /* KatsKloset.xcdatamodel */,
			);
			currentVersion = 9230E0C31DCB6C8800C51199 /* KatsKloset.xcdatamodel */;
			path = KatsKloset.xcdatamodeld;
			sourceTree = "<group>";
			versionGroupType = wrapper.xcdatamodel;
		};
/* End XCVersionGroup section */
	};
	rootObject = 9230E0B01DCB6C8700C51199 /* Project object */;
}
